
Microsoft Visual Studio Solution File, Format Version 12.00
# Visual Studio Version 17
VisualStudioVersion = 17.5.002.0
MinimumVisualStudioVersion = 10.0.40219.1
Project("{9A19103F-16F7-4668-BE54-9A1E7A4F7556}") = "TamagotchiAPI", "TamagotchiAPI.csproj", "{28EF868B-D61D-485B-96B1-1C39E576AEA3}"
EndProject
Global
	GlobalSection(SolutionConfigurationPlatforms) = preSolution
		Debug|Any CPU = Debug|Any CPU
		Release|Any CPU = Release|Any CPU
	EndGlobalSection
	GlobalSection(ProjectConfigurationPlatforms) = postSolution
		{28EF868B-D61D-485B-96B1-1C39E576AEA3}.Debug|Any CPU.ActiveCfg = Debug|Any CPU
		{28EF868B-D61D-485B-96B1-1C39E576AEA3}.Debug|Any CPU.Build.0 = Debug|Any CPU
		{28EF868B-D61D-485B-96B1-1C39E576AEA3}.Release|Any CPU.ActiveCfg = Release|Any CPU
		{28EF868B-D61D-485B-96B1-1C39E576AEA3}.Release|Any CPU.Build.0 = Release|Any CPU
	EndGlobalSection
	GlobalSection(SolutionProperties) = preSolution
		HideSolutionNode = FALSE
	EndGlobalSection
	GlobalSection(ExtensibilityGlobals) = postSolution
		SolutionGuid = {F5F8E1AA-28E5-4C4C-A2A8-D70B864FD642}
	EndGlobalSection
EndGlobal
